github.com/davecgh/go-spew v1.1.1 h1:vj9j/u1bqnvCEfJOwUhtlOARqs3+rkHYY13jYWTU97c=
github.com/davecgh/go-spew v1.1.1/go.mod h1:J7Y8YcW2NihsgmVo/mv3lAwl/skON4iLHjSsI+c5H38=
github.com/go-playground/locales v0.14.1 h1:EWaQ/wswjilfKLTECiXz7Rh+3BjFhfDFKv/oXslEjJA=
github.com/go-playground/locales v0.14.1/go.mod h1:hxrqLVvrK65+Rwrd5Fc6F2O76J/NuW9t0sjnWqG1slY=
github.com/go-playground/universal-translator v0.18.1 h1:Bcnm0ZwsGyWbCzImXv+pAJnYK9S473LQFuzCbDbfSFY=
github.com/go-playground/universal-translator v0.18.1/go.mod h1:xekY+UJKNuX9WP91TpwSH2VMlDf28Uj24BCp08ZFTUY=
github.com/go-playground/validator v9.31.0+incompatible h1:UA72EPEogEnq76ehGdEDp4Mit+3FDh548oRqwVgNsHA=
github.com/go-playground/validator v9.31.0+incompatible/go.mod h1:yrEkQXlcI+PugkyDjY2bRrL/UBU4f3rvrgkN3V8JEig=
github.com/google/uuid v1.6.0 h1:NIvaJDMOsjHA8n1jAhLSgzrAzy1Hgr+hNrb57e+94F0=
github.com/google/uuid v1.6.0/go.mod h1:TIyPZe4MgqvfeYDBFedMoGGpEw/LqOeaOT+nhxU+yHo=
github.com/gorilla/mux v1.8.1 h1:TuBL49tXwgrFYWhqrNgrUNEY92u81SPhu7sTdzQEiWY=
github.com/gorilla/mux v1.8.1/go.mod h1:AKf9I4AEqPTmMytcMc0KkNouC66V3BtZ4qD5fmWSiMQ=
github.com/leodido/go-urn v1.4.0 h1:WT9HwE9SGECu3lg4d/dIA+jxlljEa1/ffXKmRjqdmIQ=
github.com/leodido/go-urn v1.4.0/go.mod h1:bvxc+MVxLKB4z00jd1z+Dvzr47oO32F/QSNjSBOlFxI=
github.com/pmezard/go-difflib v1.0.0 h1:4DBwDE0NGyQoBHbLQYPwSUPoCMWR5BEzIk/f1lZbAQM=
github.com/pmezard/go-difflib v1.0.0/go.mod h1:iKH77koFhYxTK1pcRnkKkqfTogsbg7gZNVY4sRDYZ/4=
github.com/stretchr/testify v1.8.4 h1:CcVxjf3Q8PM0mHUKJCdn+eZZtm5yQwehR5yeSVQQcUk=
github.com/stretchr/testify v1.8.4/go.mod h1:sz/lmYIOXD/1dqDmKjjqLyZ2RngseejIcXlSw2iwfAo=
github.com/tidwall/assert v0.1.0 h1:aWcKyRBUAdLoVebxo95N7+YZVTFF/ASTr7BN4sLP6XI=
github.com/tidwall/assert v0.1.0/go.mod h1:QLYtGyeqse53vuELQheYl9dngGCJQ+mTtlxcktb+Kj8=
github.com/tidwall/btree v1.4.2 h1:PpkaieETJMUxYNADsjgtNRcERX7mGc/GP2zp/r5FM3g=
github.com/tidwall/btree v1.4.2/go.mod h1:LGm8L/DZjPLmeWGjv5kFrY8dL4uVhMmzmmLYmsObdKE=
github.com/tidwall/buntdb v1.3.2 h1:qd+IpdEGs0pZci37G4jF51+fSKlkuUTMXuHhXL1AkKg=
github.com/tidwall/buntdb v1.3.2/go.mod h1:lZZrZUWzlyDJKlLQ6DKAy53LnG7m5kHyrEHvvcDmBpU=
github.com/tidwall/gjson v1.12.1/go.mod h1:/wbyibRr2FHMks5tjHJ5F8dMZh3AcwJEMf5vlfC0lxk=
github.com/tidwall/gjson v1.14.3 h1:9jvXn7olKEHU1S9vwoMGliaT8jq1vJ7IH/n9zD9Dnlw=
github.com/tidwall/gjson v1.14.3/go.mod h1:/wbyibRr2FHMks5tjHJ5F8dMZh3AcwJEMf5vlfC0lxk=
github.com/tidwall/grect v0.1.4 h1:dA3oIgNgWdSspFzn1kS4S/RDpZFLrIxAZOdJKjYapOg=
github.com/tidwall/grect v0.1.4/go.mod h1:9FBsaYRaR0Tcy4UwefBX/UDcDcDy9V5jUcxHzv2jd5Q=
github.com/tidwall/lotsa v1.0.2 h1:dNVBH5MErdaQ/xd9s769R31/n2dXavsQ0Yf4TMEHHw8=
github.com/tidwall/lotsa v1.0.2/go.mod h1:X6NiU+4yHA3fE3Puvpnn1XMDrFZrE9JO2/w+UMuqgR8=
github.com/tidwall/match v1.1.1 h1:+Ho715JplO36QYgwN9PGYNhgZvoUSc9X2c80KVTi+GA=
github.com/tidwall/match v1.1.1/go.mod h1:eRSPERbgtNPcGhD8UCthc6PmLEQXEWd3PRB5JTxsfmM=
github.com/tidwall/pretty v1.2.0 h1:RWIZEg2iJ8/g6fDDYzMpobmaoGh5OLl4AXtGUGPcqCs=
github.com/tidwall/pretty v1.2.0/go.mod h1:ITEVvHYasfjBbM0u2Pg8T2nJnzm8xPwvNhhsoaGGjNU=
github.com/tidwall/rtred v0.1.2 h1:exmoQtOLvDoO8ud++6LwVsAMTu0KPzLTUrMln8u1yu8=
github.com/tidwall/rtred v0.1.2/go.mod h1:hd69WNXQ5RP9vHd7dqekAz+RIdtfBogmglkZSRxCHFQ=
github.com/tidwall/tinyqueue v0.1.1 h1:SpNEvEggbpyN5DIReaJ2/1ndroY8iyEGxPYxoSaymYE=
github.com/tidwall/tinyqueue v0.1.1/go.mod h1:O/QNHwrnjqr6IHItYrzoHAKYhBkLI67Q096fQP5zMYw=
gopkg.in/go-playground/assert.v1 v1.2.1 h1:xoYuJVE7KT85PYWrN730RguIQO0ePzVRfFMXadIrXTM=
gopkg.in/go-playground/assert.v1 v1.2.1/go.mod h1:9RXL0bg/zibRAgZUYszZSwO/z8Y/a8bDuhia5mkpMnE=
gopkg.in/yaml.v3 v3.0.1 h1:fxVm/GzAzEWqLHuvctI91KS9hhNmmWOoWu0XTYJS7CA=
gopkg.in/yaml.v3 v3.0.1/go.mod h1:K4uyk7z7BCEPqu6E+C64Yfv1cQ7kz7rIZviUmN+EgEM=
